// !$*UTF8*$!
{
	archiveVersion = 1;
	classes = {
	};
	objectVersion = 52;
	objects = {

/* Begin PBXBuildFile section */
		3B3313BD26851779007E40AD /* Formatters.swift in Sources */ = {isa = PBXBuildFile; fileRef = 3B3313BC26851779007E40AD /* Formatters.swift */; };
		3B3313BF26851B72007E40AD /* Persistence.swift in Sources */ = {isa = PBXBuildFile; fileRef = 3B3313BE26851B72007E40AD /* Persistence.swift */; };
		3B3313C126851EF5007E40AD /* Workout.swift in Sources */ = {isa = PBXBuildFile; fileRef = 3B3313C026851EF5007E40AD /* Workout.swift */; };
		3BA2FCD82690B1B90003C5C7 /* ComposableArchitecture in Frameworks */ = {isa = PBXBuildFile; productRef = 3BA2FCD72690B1B90003C5C7 /* ComposableArchitecture */; };
		3BAE60F72679295F0003551D /* ProjectNewShoeApp.swift in Sources */ = {isa = PBXBuildFile; fileRef = 3BAE60F62679295F0003551D /* ProjectNewShoeApp.swift */; };
		3BAE60F92679295F0003551D /* ContentView.swift in Sources */ = {isa = PBXBuildFile; fileRef = 3BAE60F82679295F0003551D /* ContentView.swift */; };
		3BAE60FB267929630003551D /* Assets.xcassets in Resources */ = {isa = PBXBuildFile; fileRef = 3BAE60FA267929630003551D /* Assets.xcassets */; };
		3BAE60FE267929630003551D /* Preview Assets.xcassets in Resources */ = {isa = PBXBuildFile; fileRef = 3BAE60FD267929630003551D /* Preview Assets.xcassets */; };
		3BAE6109267929640003551D /* ProjectNewShoeTests.swift in Sources */ = {isa = PBXBuildFile; fileRef = 3BAE6108267929640003551D /* ProjectNewShoeTests.swift */; };
		3BAE6114267929640003551D /* ProjectNewShoeUITests.swift in Sources */ = {isa = PBXBuildFile; fileRef = 3BAE6113267929640003551D /* ProjectNewShoeUITests.swift */; };
		3BAE6125267929800003551D /* WorkoutLoader.swift in Sources */ = {isa = PBXBuildFile; fileRef = 3BAE6124267929800003551D /* WorkoutLoader.swift */; };
		3BAE612C267930DB0003551D /* HealthKit.framework in Frameworks */ = {isa = PBXBuildFile; fileRef = 3BAE612B267930DA0003551D /* HealthKit.framework */; };
		3BEB3D5D268A5541008E18E8 /* WorkoutListView.swift in Sources */ = {isa = PBXBuildFile; fileRef = 3BEB3D5C268A5541008E18E8 /* WorkoutListView.swift */; };
		3BEB3D60268A5698008E18E8 /* WorkoutListViewModel.swift in Sources */ = {isa = PBXBuildFile; fileRef = 3BEB3D5F268A5698008E18E8 /* WorkoutListViewModel.swift */; };
		3BEB3D63268A56F0008E18E8 /* WorkoutViewModel.swift in Sources */ = {isa = PBXBuildFile; fileRef = 3BEB3D62268A56F0008E18E8 /* WorkoutViewModel.swift */; };
		3BEB3D65268A59BC008E18E8 /* WorkoutView.swift in Sources */ = {isa = PBXBuildFile; fileRef = 3BEB3D64268A59BC008E18E8 /* WorkoutView.swift */; };
/* End PBXBuildFile section */

/* Begin PBXContainerItemProxy section */
		3BAE6105267929640003551D /* PBXContainerItemProxy */ = {
			isa = PBXContainerItemProxy;
			containerPortal = 3BAE60EB2679295F0003551D /* Project object */;
			proxyType = 1;
			remoteGlobalIDString = 3BAE60F22679295F0003551D;
			remoteInfo = ProjectNewShoe;
		};
		3BAE6110267929640003551D /* PBXContainerItemProxy */ = {
			isa = PBXContainerItemProxy;
			containerPortal = 3BAE60EB2679295F0003551D /* Project object */;
			proxyType = 1;
			remoteGlobalIDString = 3BAE60F22679295F0003551D;
			remoteInfo = ProjectNewShoe;
		};
/* End PBXContainerItemProxy section */

/* Begin PBXFileReference section */
		3B3313BC26851779007E40AD /* Formatters.swift */ = {isa = PBXFileReference; lastKnownFileType = sourcecode.swift; path = Formatters.swift; sourceTree = "<group>"; };
		3B3313BE26851B72007E40AD /* Persistence.swift */ = {isa = PBXFileReference; lastKnownFileType = sourcecode.swift; path = Persistence.swift; sourceTree = "<group>"; };
		3B3313C026851EF5007E40AD /* Workout.swift */ = {isa = PBXFileReference; lastKnownFileType = sourcecode.swift; path = Workout.swift; sourceTree = "<group>"; };
		3BAE60F32679295F0003551D /* ProjectNewShoe.app */ = {isa = PBXFileReference; explicitFileType = wrapper.application; includeInIndex = 0; path = ProjectNewShoe.app; sourceTree = BUILT_PRODUCTS_DIR; };
		3BAE60F62679295F0003551D /* ProjectNewShoeApp.swift */ = {isa = PBXFileReference; lastKnownFileType = sourcecode.swift; path = ProjectNewShoeApp.swift; sourceTree = "<group>"; };
		3BAE60F82679295F0003551D /* ContentView.swift */ = {isa = PBXFileReference; lastKnownFileType = sourcecode.swift; path = ContentView.swift; sourceTree = "<group>"; };
		3BAE60FA267929630003551D /* Assets.xcassets */ = {isa = PBXFileReference; lastKnownFileType = folder.assetcatalog; path = Assets.xcassets; sourceTree = "<group>"; };
		3BAE60FD267929630003551D /* Preview Assets.xcassets */ = {isa = PBXFileReference; lastKnownFileType = folder.assetcatalog; path = "Preview Assets.xcassets"; sourceTree = "<group>"; };
		3BAE60FF267929630003551D /* Info.plist */ = {isa = PBXFileReference; lastKnownFileType = text.plist.xml; path = Info.plist; sourceTree = "<group>"; };
		3BAE6104267929640003551D /* ProjectNewShoeTests.xctest */ = {isa = PBXFileReference; explicitFileType = wrapper.cfbundle; includeInIndex = 0; path = ProjectNewShoeTests.xctest; sourceTree = BUILT_PRODUCTS_DIR; };
		3BAE6108267929640003551D /* ProjectNewShoeTests.swift */ = {isa = PBXFileReference; lastKnownFileType = sourcecode.swift; path = ProjectNewShoeTests.swift; sourceTree = "<group>"; };
		3BAE610A267929640003551D /* Info.plist */ = {isa = PBXFileReference; lastKnownFileType = text.plist.xml; path = Info.plist; sourceTree = "<group>"; };
		3BAE610F267929640003551D /* ProjectNewShoeUITests.xctest */ = {isa = PBXFileReference; explicitFileType = wrapper.cfbundle; includeInIndex = 0; path = ProjectNewShoeUITests.xctest; sourceTree = BUILT_PRODUCTS_DIR; };
		3BAE6113267929640003551D /* ProjectNewShoeUITests.swift */ = {isa = PBXFileReference; lastKnownFileType = sourcecode.swift; path = ProjectNewShoeUITests.swift; sourceTree = "<group>"; };
		3BAE6115267929640003551D /* Info.plist */ = {isa = PBXFileReference; lastKnownFileType = text.plist.xml; path = Info.plist; sourceTree = "<group>"; };
		3BAE6124267929800003551D /* WorkoutLoader.swift */ = {isa = PBXFileReference; lastKnownFileType = sourcecode.swift; path = WorkoutLoader.swift; sourceTree = "<group>"; };
		3BAE6129267930DA0003551D /* ProjectNewShoe.entitlements */ = {isa = PBXFileReference; lastKnownFileType = text.plist.entitlements; path = ProjectNewShoe.entitlements; sourceTree = "<group>"; };
		3BAE612B267930DA0003551D /* HealthKit.framework */ = {isa = PBXFileReference; lastKnownFileType = wrapper.framework; name = HealthKit.framework; path = System/Library/Frameworks/HealthKit.framework; sourceTree = SDKROOT; };
		3BEB3D5C268A5541008E18E8 /* WorkoutListView.swift */ = {isa = PBXFileReference; lastKnownFileType = sourcecode.swift; path = WorkoutListView.swift; sourceTree = "<group>"; };
		3BEB3D5F268A5698008E18E8 /* WorkoutListViewModel.swift */ = {isa = PBXFileReference; lastKnownFileType = sourcecode.swift; path = WorkoutListViewModel.swift; sourceTree = "<group>"; };
		3BEB3D62268A56F0008E18E8 /* WorkoutViewModel.swift */ = {isa = PBXFileReference; lastKnownFileType = sourcecode.swift; path = WorkoutViewModel.swift; sourceTree = "<group>"; };
		3BEB3D64268A59BC008E18E8 /* WorkoutView.swift */ = {isa = PBXFileReference; lastKnownFileType = sourcecode.swift; path = WorkoutView.swift; sourceTree = "<group>"; };
/* End PBXFileReference section */

/* Begin PBXFrameworksBuildPhase section */
		3BAE60F02679295F0003551D /* Frameworks */ = {
			isa = PBXFrameworksBuildPhase;
			buildActionMask = 2147483647;
			files = (
				3BA2FCD82690B1B90003C5C7 /* ComposableArchitecture in Frameworks */,
				3BAE612C267930DB0003551D /* HealthKit.framework in Frameworks */,
			);
			runOnlyForDeploymentPostprocessing = 0;
		};
		3BAE6101267929640003551D /* Frameworks */ = {
			isa = PBXFrameworksBuildPhase;
			buildActionMask = 2147483647;
			files = (
			);
			runOnlyForDeploymentPostprocessing = 0;
		};
		3BAE610C267929640003551D /* Frameworks */ = {
			isa = PBXFrameworksBuildPhase;
			buildActionMask = 2147483647;
			files = (
			);
			runOnlyForDeploymentPostprocessing = 0;
		};
/* End PBXFrameworksBuildPhase section */

/* Begin PBXGroup section */
		3BAE60EA2679295F0003551D = {
			isa = PBXGroup;
			children = (
				3BAE60F52679295F0003551D /* ProjectNewShoe */,
				3BAE6107267929640003551D /* ProjectNewShoeTests */,
				3BAE6112267929640003551D /* ProjectNewShoeUITests */,
				3BAE60F42679295F0003551D /* Products */,
				3BAE612A267930DA0003551D /* Frameworks */,
			);
			sourceTree = "<group>";
		};
		3BAE60F42679295F0003551D /* Products */ = {
			isa = PBXGroup;
			children = (
				3BAE60F32679295F0003551D /* ProjectNewShoe.app */,
				3BAE6104267929640003551D /* ProjectNewShoeTests.xctest */,
				3BAE610F267929640003551D /* ProjectNewShoeUITests.xctest */,
			);
			name = Products;
			sourceTree = "<group>";
		};
		3BAE60F52679295F0003551D /* ProjectNewShoe */ = {
			isa = PBXGroup;
			children = (
				3BAE6129267930DA0003551D /* ProjectNewShoe.entitlements */,
				3BAE60F62679295F0003551D /* ProjectNewShoeApp.swift */,
				3BAE60FA267929630003551D /* Assets.xcassets */,
				3BAE60FF267929630003551D /* Info.plist */,
				3BAE60FC267929630003551D /* Preview Content */,
				3BAE60F82679295F0003551D /* ContentView.swift */,
				3BAE6124267929800003551D /* WorkoutLoader.swift */,
				3BEB3D5E268A5685008E18E8 /* Workout List */,
				3B3313BC26851779007E40AD /* Formatters.swift */,
				3B3313BE26851B72007E40AD /* Persistence.swift */,
				3B3313C026851EF5007E40AD /* Workout.swift */,
			);
			path = ProjectNewShoe;
			sourceTree = "<group>";
		};
		3BAE60FC267929630003551D /* Preview Content */ = {
			isa = PBXGroup;
			children = (
				3BAE60FD267929630003551D /* Preview Assets.xcassets */,
			);
			path = "Preview Content";
			sourceTree = "<group>";
		};
		3BAE6107267929640003551D /* ProjectNewShoeTests */ = {
			isa = PBXGroup;
			children = (
				3BAE6108267929640003551D /* ProjectNewShoeTests.swift */,
				3BAE610A267929640003551D /* Info.plist */,
			);
			path = ProjectNewShoeTests;
			sourceTree = "<group>";
		};
		3BAE6112267929640003551D /* ProjectNewShoeUITests */ = {
			isa = PBXGroup;
			children = (
				3BAE6113267929640003551D /* ProjectNewShoeUITests.swift */,
				3BAE6115267929640003551D /* Info.plist */,
			);
			path = ProjectNewShoeUITests;
			sourceTree = "<group>";
		};
		3BAE612A267930DA0003551D /* Frameworks */ = {
			isa = PBXGroup;
			children = (
				3BAE612B267930DA0003551D /* HealthKit.framework */,
			);
			name = Frameworks;
			sourceTree = "<group>";
		};
		3BEB3D5E268A5685008E18E8 /* Workout List */ = {
			isa = PBXGroup;
			children = (
				3BEB3D5C268A5541008E18E8 /* WorkoutListView.swift */,
				3BEB3D5F268A5698008E18E8 /* WorkoutListViewModel.swift */,
				3BEB3D61268A56D6008E18E8 /* Workout View */,
			);
			path = "Workout List";
			sourceTree = "<group>";
		};
		3BEB3D61268A56D6008E18E8 /* Workout View */ = {
			isa = PBXGroup;
			children = (
				3BEB3D64268A59BC008E18E8 /* WorkoutView.swift */,
				3BEB3D62268A56F0008E18E8 /* WorkoutViewModel.swift */,
			);
			path = "Workout View";
			sourceTree = "<group>";
		};
/* End PBXGroup section */

/* Begin PBXNativeTarget section */
		3BAE60F22679295F0003551D /* ProjectNewShoe */ = {
			isa = PBXNativeTarget;
			buildConfigurationList = 3BAE6118267929640003551D /* Build configuration list for PBXNativeTarget "ProjectNewShoe" */;
			buildPhases = (
				3BAE60EF2679295F0003551D /* Sources */,
				3BAE60F02679295F0003551D /* Frameworks */,
				3BAE60F12679295F0003551D /* Resources */,
			);
			buildRules = (
			);
			dependencies = (
			);
			name = ProjectNewShoe;
			packageProductDependencies = (
				3BA2FCD72690B1B90003C5C7 /* ComposableArchitecture */,
			);
			productName = ProjectNewShoe;
			productReference = 3BAE60F32679295F0003551D /* ProjectNewShoe.app */;
			productType = "com.apple.product-type.application";
		};
		3BAE6103267929640003551D /* ProjectNewShoeTests */ = {
			isa = PBXNativeTarget;
			buildConfigurationList = 3BAE611B267929640003551D /* Build configuration list for PBXNativeTarget "ProjectNewShoeTests" */;
			buildPhases = (
				3BAE6100267929640003551D /* Sources */,
				3BAE6101267929640003551D /* Frameworks */,
				3BAE6102267929640003551D /* Resources */,
			);
			buildRules = (
			);
			dependencies = (
				3BAE6106267929640003551D /* PBXTargetDependency */,
			);
			name = ProjectNewShoeTests;
			productName = ProjectNewShoeTests;
			productReference = 3BAE6104267929640003551D /* ProjectNewShoeTests.xctest */;
			productType = "com.apple.product-type.bundle.unit-test";
		};
		3BAE610E267929640003551D /* ProjectNewShoeUITests */ = {
			isa = PBXNativeTarget;
			buildConfigurationList = 3BAE611E267929640003551D /* Build configuration list for PBXNativeTarget "ProjectNewShoeUITests" */;
			buildPhases = (
				3BAE610B267929640003551D /* Sources */,
				3BAE610C267929640003551D /* Frameworks */,
				3BAE610D267929640003551D /* Resources */,
			);
			buildRules = (
			);
			dependencies = (
				3BAE6111267929640003551D /* PBXTargetDependency */,
			);
			name = ProjectNewShoeUITests;
			productName = ProjectNewShoeUITests;
			productReference = 3BAE610F267929640003551D /* ProjectNewShoeUITests.xctest */;
			productType = "com.apple.product-type.bundle.ui-testing";
		};
/* End PBXNativeTarget section */

/* Begin PBXProject section */
		3BAE60EB2679295F0003551D /* Project object */ = {
			isa = PBXProject;
			attributes = {
				LastSwiftUpdateCheck = 1210;
				LastUpgradeCheck = 1210;
				TargetAttributes = {
					3BAE60F22679295F0003551D = {
						CreatedOnToolsVersion = 12.1.1;
					};
					3BAE6103267929640003551D = {
						CreatedOnToolsVersion = 12.1.1;
						TestTargetID = 3BAE60F22679295F0003551D;
					};
					3BAE610E267929640003551D = {
						CreatedOnToolsVersion = 12.1.1;
						TestTargetID = 3BAE60F22679295F0003551D;
					};
				};
			};
			buildConfigurationList = 3BAE60EE2679295F0003551D /* Build configuration list for PBXProject "ProjectNewShoe" */;
			compatibilityVersion = "Xcode 9.3";
			developmentRegion = en;
			hasScannedForEncodings = 0;
			knownRegions = (
				en,
				Base,
			);
			mainGroup = 3BAE60EA2679295F0003551D;
			packageReferences = (
				3BA2FCD62690B1B90003C5C7 /* XCRemoteSwiftPackageReference "swift-composable-architecture" */,
			);
			productRefGroup = 3BAE60F42679295F0003551D /* Products */;
			projectDirPath = "";
			projectRoot = "";
			targets = (
				3BAE60F22679295F0003551D /* ProjectNewShoe */,
				3BAE6103267929640003551D /* ProjectNewShoeTests */,
				3BAE610E267929640003551D /* ProjectNewShoeUITests */,
			);
		};
/* End PBXProject section */

/* Begin PBXResourcesBuildPhase section */
		3BAE60F12679295F0003551D /* Resources */ = {
			isa = PBXResourcesBuildPhase;
			buildActionMask = 2147483647;
			files = (
				3BAE60FE267929630003551D /* Preview Assets.xcassets in Resources */,
				3BAE60FB267929630003551D /* Assets.xcassets in Resources */,
			);
			runOnlyForDeploymentPostprocessing = 0;
		};
		3BAE6102267929640003551D /* Resources */ = {
			isa = PBXResourcesBuildPhase;
			buildActionMask = 2147483647;
			files = (
			);
			runOnlyForDeploymentPostprocessing = 0;
		};
		3BAE610D267929640003551D /* Resources */ = {
			isa = PBXResourcesBuildPhase;
			buildActionMask = 2147483647;
			files = (
			);
			runOnlyForDeploymentPostprocessing = 0;
		};
/* End PBXResourcesBuildPhase section */

/* Begin PBXSourcesBuildPhase section */
		3BAE60EF2679295F0003551D /* Sources */ = {
			isa = PBXSourcesBuildPhase;
			buildActionMask = 2147483647;
			files = (
				3BEB3D60268A5698008E18E8 /* WorkoutListViewModel.swift in Sources */,
				3BEB3D63268A56F0008E18E8 /* WorkoutViewModel.swift in Sources */,
				3BAE60F92679295F0003551D /* ContentView.swift in Sources */,
				3BAE6125267929800003551D /* WorkoutLoader.swift in Sources */,
				3BEB3D65268A59BC008E18E8 /* WorkoutView.swift in Sources */,
				3B3313BD26851779007E40AD /* Formatters.swift in Sources */,
				3BEB3D5D268A5541008E18E8 /* WorkoutListView.swift in Sources */,
				3B3313BF26851B72007E40AD /* Persistence.swift in Sources */,
				3BAE60F72679295F0003551D /* ProjectNewShoeApp.swift in Sources */,
				3B3313C126851EF5007E40AD /* Workout.swift in Sources */,
			);
			runOnlyForDeploymentPostprocessing = 0;
		};
		3BAE6100267929640003551D /* Sources */ = {
			isa = PBXSourcesBuildPhase;
			buildActionMask = 2147483647;
			files = (
				3BAE6109267929640003551D /* ProjectNewShoeTests.swift in Sources */,
			);
			runOnlyForDeploymentPostprocessing = 0;
		};
		3BAE610B267929640003551D /* Sources */ = {
			isa = PBXSourcesBuildPhase;
			buildActionMask = 2147483647;
			files = (
				3BAE6114267929640003551D /* ProjectNewShoeUITests.swift in Sources */,
			);
			runOnlyForDeploymentPostprocessing = 0;
		};
/* End PBXSourcesBuildPhase section */

/* Begin PBXTargetDependency section */
		3BAE6106267929640003551D /* PBXTargetDependency */ = {
			isa = PBXTargetDependency;
			target = 3BAE60F22679295F0003551D /* ProjectNewShoe */;
			targetProxy = 3BAE6105267929640003551D /* PBXContainerItemProxy */;
		};
		3BAE6111267929640003551D /* PBXTargetDependency */ = {
			isa = PBXTargetDependency;
			target = 3BAE60F22679295F0003551D /* ProjectNewShoe */;
			targetProxy = 3BAE6110267929640003551D /* PBXContainerItemProxy */;
		};
/* End PBXTargetDependency section */

/* Begin XCBuildConfiguration section */
		3BAE6116267929640003551D /* Debug */ = {
			isa = XCBuildConfiguration;
			buildSettings = {
				ALWAYS_SEARCH_USER_PATHS = NO;
				CLANG_ANALYZER_NONNULL = YES;
				CLANG_ANALYZER_NUMBER_OBJECT_CONVERSION = YES_AGGRESSIVE;
				CLANG_CXX_LANGUAGE_STANDARD = "gnu++14";
				CLANG_CXX_LIBRARY = "libc++";
				CLANG_ENABLE_MODULES = YES;
				CLANG_ENABLE_OBJC_ARC = YES;
				CLANG_ENABLE_OBJC_WEAK = YES;
				CLANG_WARN_BLOCK_CAPTURE_AUTORELEASING = YES;
				CLANG_WARN_BOOL_CONVERSION = YES;
				CLANG_WARN_COMMA = YES;
				CLANG_WARN_CONSTANT_CONVERSION = YES;
				CLANG_WARN_DEPRECATED_OBJC_IMPLEMENTATIONS = YES;
				CLANG_WARN_DIRECT_OBJC_ISA_USAGE = YES_ERROR;
				CLANG_WARN_DOCUMENTATION_COMMENTS = YES;
				CLANG_WARN_EMPTY_BODY = YES;
				CLANG_WARN_ENUM_CONVERSION = YES;
				CLANG_WARN_INFINITE_RECURSION = YES;
				CLANG_WARN_INT_CONVERSION = YES;
				CLANG_WARN_NON_LITERAL_NULL_CONVERSION = YES;
				CLANG_WARN_OBJC_IMPLICIT_RETAIN_SELF = YES;
				CLANG_WARN_OBJC_LITERAL_CONVERSION = YES;
				CLANG_WARN_OBJC_ROOT_CLASS = YES_ERROR;
				CLANG_WARN_QUOTED_INCLUDE_IN_FRAMEWORK_HEADER = YES;
				CLANG_WARN_RANGE_LOOP_ANALYSIS = YES;
				CLANG_WARN_STRICT_PROTOTYPES = YES;
				CLANG_WARN_SUSPICIOUS_MOVE = YES;
				CLANG_WARN_UNGUARDED_AVAILABILITY = YES_AGGRESSIVE;
				CLANG_WARN_UNREACHABLE_CODE = YES;
				CLANG_WARN__DUPLICATE_METHOD_MATCH = YES;
				COPY_PHASE_STRIP = NO;
				DEBUG_INFORMATION_FORMAT = dwarf;
				ENABLE_STRICT_OBJC_MSGSEND = YES;
				ENABLE_TESTABILITY = YES;
				GCC_C_LANGUAGE_STANDARD = gnu11;
				GCC_DYNAMIC_NO_PIC = NO;
				GCC_NO_COMMON_BLOCKS = YES;
				GCC_OPTIMIZATION_LEVEL = 0;
				GCC_PREPROCESSOR_DEFINITIONS = (
					"DEBUG=1",
					"$(inherited)",
				);
				GCC_WARN_64_TO_32_BIT_CONVERSION = YES;
				GCC_WARN_ABOUT_RETURN_TYPE = YES_ERROR;
				GCC_WARN_UNDECLARED_SELECTOR = YES;
				GCC_WARN_UNINITIALIZED_AUTOS = YES_AGGRESSIVE;
				GCC_WARN_UNUSED_FUNCTION = YES;
				GCC_WARN_UNUSED_VARIABLE = YES;
				IPHONEOS_DEPLOYMENT_TARGET = 14.2;
				MTL_ENABLE_DEBUG_INFO = INCLUDE_SOURCE;
				MTL_FAST_MATH = YES;
				ONLY_ACTIVE_ARCH = YES;
				SDKROOT = iphoneos;
				SWIFT_ACTIVE_COMPILATION_CONDITIONS = DEBUG;
				SWIFT_OPTIMIZATION_LEVEL = "-Onone";
			};
			name = Debug;
		};
		3BAE6117267929640003551D /* Release */ = {
			isa = XCBuildConfiguration;
			buildSettings = {
				ALWAYS_SEARCH_USER_PATHS = NO;
				CLANG_ANALYZER_NONNULL = YES;
				CLANG_ANALYZER_NUMBER_OBJECT_CONVERSION = YES_AGGRESSIVE;
				CLANG_CXX_LANGUAGE_STANDARD = "gnu++14";
				CLANG_CXX_LIBRARY = "libc++";
				CLANG_ENABLE_MODULES = YES;
				CLANG_ENABLE_OBJC_ARC = YES;
				CLANG_ENABLE_OBJC_WEAK = YES;
				CLANG_WARN_BLOCK_CAPTURE_AUTORELEASING = YES;
				CLANG_WARN_BOOL_CONVERSION = YES;
				CLANG_WARN_COMMA = YES;
				CLANG_WARN_CONSTANT_CONVERSION = YES;
				CLANG_WARN_DEPRECATED_OBJC_IMPLEMENTATIONS = YES;
				CLANG_WARN_DIRECT_OBJC_ISA_USAGE = YES_ERROR;
				CLANG_WARN_DOCUMENTATION_COMMENTS = YES;
				CLANG_WARN_EMPTY_BODY = YES;
				CLANG_WARN_ENUM_CONVERSION = YES;
				CLANG_WARN_INFINITE_RECURSION = YES;
				CLANG_WARN_INT_CONVERSION = YES;
				CLANG_WARN_NON_LITERAL_NULL_CONVERSION = YES;
				CLANG_WARN_OBJC_IMPLICIT_RETAIN_SELF = YES;
				CLANG_WARN_OBJC_LITERAL_CONVERSION = YES;
				CLANG_WARN_OBJC_ROOT_CLASS = YES_ERROR;
				CLANG_WARN_QUOTED_INCLUDE_IN_FRAMEWORK_HEADER = YES;
				CLANG_WARN_RANGE_LOOP_ANALYSIS = YES;
				CLANG_WARN_STRICT_PROTOTYPES = YES;
				CLANG_WARN_SUSPICIOUS_MOVE = YES;
				CLANG_WARN_UNGUARDED_AVAILABILITY = YES_AGGRESSIVE;
				CLANG_WARN_UNREACHABLE_CODE = YES;
				CLANG_WARN__DUPLICATE_METHOD_MATCH = YES;
				COPY_PHASE_STRIP = NO;
				DEBUG_INFORMATION_FORMAT = "dwarf-with-dsym";
				ENABLE_NS_ASSERTIONS = NO;
				ENABLE_STRICT_OBJC_MSGSEND = YES;
				GCC_C_LANGUAGE_STANDARD = gnu11;
				GCC_NO_COMMON_BLOCKS = YES;
				GCC_WARN_64_TO_32_BIT_CONVERSION = YES;
				GCC_WARN_ABOUT_RETURN_TYPE = YES_ERROR;
				GCC_WARN_UNDECLARED_SELECTOR = YES;
				GCC_WARN_UNINITIALIZED_AUTOS = YES_AGGRESSIVE;
				GCC_WARN_UNUSED_FUNCTION = YES;
				GCC_WARN_UNUSED_VARIABLE = YES;
				IPHONEOS_DEPLOYMENT_TARGET = 14.2;
				MTL_ENABLE_DEBUG_INFO = NO;
				MTL_FAST_MATH = YES;
				SDKROOT = iphoneos;
				SWIFT_COMPILATION_MODE = wholemodule;
				SWIFT_OPTIMIZATION_LEVEL = "-O";
				VALIDATE_PRODUCT = YES;
			};
			name = Release;
		};
		3BAE6119267929640003551D /* Debug */ = {
			isa = XCBuildConfiguration;
			buildSettings = {
				ASSETCATALOG_COMPILER_APPICON_NAME = AppIcon;
				ASSETCATALOG_COMPILER_GLOBAL_ACCENT_COLOR_NAME = AccentColor;
				ASSETCATALOG_COMPILER_INCLUDE_ALL_APPICON_ASSETS = YES;
				CODE_SIGN_ENTITLEMENTS = ProjectNewShoe/ProjectNewShoe.entitlements;
				CODE_SIGN_STYLE = Automatic;
				DEVELOPMENT_ASSET_PATHS = "\"ProjectNewShoe/Preview Content\"";
				DEVELOPMENT_TEAM = TLD24BM42Z;
				ENABLE_PREVIEWS = YES;
				INFOPLIST_FILE = ProjectNewShoe/Info.plist;
				IPHONEOS_DEPLOYMENT_TARGET = 14.0;
				LD_RUNPATH_SEARCH_PATHS = (
					"$(inherited)",
					"@executable_path/Frameworks",
				);
				PRODUCT_BUNDLE_IDENTIFIER = com.unieklee.ProjectNewShoe;
				PRODUCT_NAME = "$(TARGET_NAME)";
				SWIFT_VERSION = 5.0;
				TARGETED_DEVICE_FAMILY = 1;
			};
			name = Debug;
		};
		3BAE611A267929640003551D /* Release */ = {
			isa = XCBuildConfiguration;
			buildSettings = {
				ASSETCATALOG_COMPILER_APPICON_NAME = AppIcon;
				ASSETCATALOG_COMPILER_GLOBAL_ACCENT_COLOR_NAME = AccentColor;
				ASSETCATALOG_COMPILER_INCLUDE_ALL_APPICON_ASSETS = YES;
				CODE_SIGN_ENTITLEMENTS = ProjectNewShoe/ProjectNewShoe.entitlements;
				CODE_SIGN_STYLE = Automatic;
				DEVELOPMENT_ASSET_PATHS = "\"ProjectNewShoe/Preview Content\"";
				DEVELOPMENT_TEAM = TLD24BM42Z;
				ENABLE_PREVIEWS = YES;
				INFOPLIST_FILE = ProjectNewShoe/Info.plist;
				IPHONEOS_DEPLOYMENT_TARGET = 14.0;
				LD_RUNPATH_SEARCH_PATHS = (
					"$(inherited)",
					"@executable_path/Frameworks",
				);
				PRODUCT_BUNDLE_IDENTIFIER = com.unieklee.ProjectNewShoe;
				PRODUCT_NAME = "$(TARGET_NAME)";
				SWIFT_VERSION = 5.0;
				TARGETED_DEVICE_FAMILY = 1;
			};
			name = Release;
		};
		3BAE611C267929640003551D /* Debug */ = {
			isa = XCBuildConfiguration;
			buildSettings = {
				ALWAYS_EMBED_SWIFT_STANDARD_LIBRARIES = YES;
				BUNDLE_LOADER = "$(TEST_HOST)";
				CODE_SIGN_STYLE = Automatic;
				DEVELOPMENT_TEAM = TLD24BM42Z;
				INFOPLIST_FILE = ProjectNewShoeTests/Info.plist;
				IPHONEOS_DEPLOYMENT_TARGET = 14.0;
				LD_RUNPATH_SEARCH_PATHS = (
					"$(inherited)",
					"@executable_path/Frameworks",
					"@loader_path/Frameworks",
				);
				PRODUCT_BUNDLE_IDENTIFIER = com.unieklee.ProjectNewShoeTests;
				PRODUCT_NAME = "$(TARGET_NAME)";
				SWIFT_VERSION = 5.0;
				TARGETED_DEVICE_FAMILY = "1,2";
				TEST_HOST = "$(BUILT_PRODUCTS_DIR)/ProjectNewShoe.app/ProjectNewShoe";
			};
			name = Debug;
		};
		3BAE611D267929640003551D /* Release */ = {
			isa = XCBuildConfiguration;
			buildSettings = {
				ALWAYS_EMBED_SWIFT_STANDARD_LIBRARIES = YES;
				BUNDLE_LOADER = "$(TEST_HOST)";
				CODE_SIGN_STYLE = Automatic;
				DEVELOPMENT_TEAM = TLD24BM42Z;
				INFOPLIST_FILE = ProjectNewShoeTests/Info.plist;
				IPHONEOS_DEPLOYMENT_TARGET = 14.0;
				LD_RUNPATH_SEARCH_PATHS = (
					"$(inherited)",
					"@executable_path/Frameworks",
					"@loader_path/Frameworks",
				);
				PRODUCT_BUNDLE_IDENTIFIER = com.unieklee.ProjectNewShoeTests;
				PRODUCT_NAME = "$(TARGET_NAME)";
				SWIFT_VERSION = 5.0;
				TARGETED_DEVICE_FAMILY = "1,2";
				TEST_HOST = "$(BUILT_PRODUCTS_DIR)/ProjectNewShoe.app/ProjectNewShoe";
			};
			name = Release;
		};
		3BAE611F267929640003551D /* Debug */ = {
			isa = XCBuildConfiguration;
			buildSettings = {
				ALWAYS_EMBED_SWIFT_STANDARD_LIBRARIES = YES;
				CODE_SIGN_STYLE = Automatic;
				DEVELOPMENT_TEAM = TLD24BM42Z;
				INFOPLIST_FILE = ProjectNewShoeUITests/Info.plist;
				LD_RUNPATH_SEARCH_PATHS = (
					"$(inherited)",
					"@executable_path/Frameworks",
					"@loader_path/Frameworks",
				);
				PRODUCT_BUNDLE_IDENTIFIER = com.unieklee.ProjectNewShoeUITests;
				PRODUCT_NAME = "$(TARGET_NAME)";
				SWIFT_VERSION = 5.0;
				TARGETED_DEVICE_FAMILY = "1,2";
				TEST_TARGET_NAME = ProjectNewShoe;
			};
			name = Debug;
		};
		3BAE6120267929640003551D /* Release */ = {
			isa = XCBuildConfiguration;
			buildSettings = {
				ALWAYS_EMBED_SWIFT_STANDARD_LIBRARIES = YES;
				CODE_SIGN_STYLE = Automatic;
				DEVELOPMENT_TEAM = TLD24BM42Z;
				INFOPLIST_FILE = ProjectNewShoeUITests/Info.plist;
				LD_RUNPATH_SEARCH_PATHS = (
					"$(inherited)",
					"@executable_path/Frameworks",
					"@loader_path/Frameworks",
				);
				PRODUCT_BUNDLE_IDENTIFIER = com.unieklee.ProjectNewShoeUITests;
				PRODUCT_NAME = "$(TARGET_NAME)";
				SWIFT_VERSION = 5.0;
				TARGETED_DEVICE_FAMILY = "1,2";
				TEST_TARGET_NAME = ProjectNewShoe;
			};
			name = Release;
		};
/* End XCBuildConfiguration section */

/* Begin XCConfigurationList section */
		3BAE60EE2679295F0003551D /* Build configuration list for PBXProject "ProjectNewShoe" */ = {
			isa = XCConfigurationList;
			buildConfigurations = (
				3BAE6116267929640003551D /* Debug */,
				3BAE6117267929640003551D /* Release */,
			);
			defaultConfigurationIsVisible = 0;
			defaultConfigurationName = Release;
		};
		3BAE6118267929640003551D /* Build configuration list for PBXNativeTarget "ProjectNewShoe" */ = {
			isa = XCConfigurationList;
			buildConfigurations = (
				3BAE6119267929640003551D /* Debug */,
				3BAE611A267929640003551D /* Release */,
			);
			defaultConfigurationIsVisible = 0;
			defaultConfigurationName = Release;
		};
		3BAE611B267929640003551D /* Build configuration list for PBXNativeTarget "ProjectNewShoeTests" */ = {
			isa = XCConfigurationList;
			buildConfigurations = (
				3BAE611C267929640003551D /* Debug */,
				3BAE611D267929640003551D /* Release */,
			);
			defaultConfigurationIsVisible = 0;
			defaultConfigurationName = Release;
		};
		3BAE611E267929640003551D /* Build configuration list for PBXNativeTarget "ProjectNewShoeUITests" */ = {
			isa = XCConfigurationList;
			buildConfigurations = (
				3BAE611F267929640003551D /* Debug */,
				3BAE6120267929640003551D /* Release */,
			);
			defaultConfigurationIsVisible = 0;
			defaultConfigurationName = Release;
		};
/* End XCConfigurationList section */

/* Begin XCRemoteSwiftPackageReference section */
		3BA2FCD62690B1B90003C5C7 /* XCRemoteSwiftPackageReference "swift-composable-architecture" */ = {
			isa = XCRemoteSwiftPackageReference;
			repositoryURL = "https://github.com/pointfreeco/swift-composable-architecture";
			requirement = {
				kind = upToNextMajorVersion;
				minimumVersion = 0.9.0;
			};
		};
/* End XCRemoteSwiftPackageReference section */

/* Begin XCSwiftPackageProductDependency section */
		3BA2FCD72690B1B90003C5C7 /* ComposableArchitecture */ = {
			isa = XCSwiftPackageProductDependency;
			package = 3BA2FCD62690B1B90003C5C7 /* XCRemoteSwiftPackageReference "swift-composable-architecture" */;
			productName = ComposableArchitecture;
		};
/* End XCSwiftPackageProductDependency section */
	};
	rootObject = 3BAE60EB2679295F0003551D /* Project object */;
}
