// !$*UTF8*$!
{
	archiveVersion = 1;
	classes = {
	};
	objectVersion = 52;
	objects = {

/* Begin PBXBuildFile section */
		19CD8D42A7BBB8C03C6CF779 /* WorkoutListViewModel.swift in Sources */ = {isa = PBXBuildFile; fileRef = E936D6417A86022A3A242BD6 /* WorkoutListViewModel.swift */; };
		28983646A6E6FCCA28C3BF6F /* Assets.xcassets in Resources */ = {isa = PBXBuildFile; fileRef = F8784CAA40267357361512F7 /* Assets.xcassets */; };
		2A91FA8D2554A59C22869781 /* WorkoutListView.swift in Sources */ = {isa = PBXBuildFile; fileRef = C1DDE0436CAC2CE1D551B154 /* WorkoutListView.swift */; };
		3DF0574226A63D51A58367DD /* WorkoutLoader.swift in Sources */ = {isa = PBXBuildFile; fileRef = A610C80AC11107D96EE9A34B /* WorkoutLoader.swift */; };
		497D8887C2E6E43603BC7C3F /* WorkoutViewModel.swift in Sources */ = {isa = PBXBuildFile; fileRef = 1276BB3DD79FCFA2D25A6A80 /* WorkoutViewModel.swift */; };
		4BCC86D8833FA330A71ABD36 /* Formatters.swift in Sources */ = {isa = PBXBuildFile; fileRef = 9252072CB8794985BABF5649 /* Formatters.swift */; };
		5221A67526ABE0243D891A52 /* Bundle+ProjectNewShoe.swift in Sources */ = {isa = PBXBuildFile; fileRef = F50BFD9463083529BDA65836 /* Bundle+ProjectNewShoe.swift */; };
		540AB4C4FFA464174F6FE980 /* Persistence.swift in Sources */ = {isa = PBXBuildFile; fileRef = 47D7CE20B9EB153E6EF7468C /* Persistence.swift */; };
		7DA49A933C3E8EF96CDFE7B5 /* HealthKit.framework in Frameworks */ = {isa = PBXBuildFile; fileRef = 3780181043485B1980835DB2 /* HealthKit.framework */; };
		9AF5C7717D5648629789CCF3 /* Preview Assets.xcassets in Resources */ = {isa = PBXBuildFile; fileRef = 7CDD2F969183EFE1399068AE /* Preview Assets.xcassets */; };
		A3B0310C67B395CC7AE5AB52 /* ProjectNewShoeTests.swift in Sources */ = {isa = PBXBuildFile; fileRef = A7021266CDCF239AD28C31BF /* ProjectNewShoeTests.swift */; };
		B27123172B9399F4B60957CE /* Workout.swift in Sources */ = {isa = PBXBuildFile; fileRef = 9DD13AF18DAF7064C57CFE40 /* Workout.swift */; };
		BCFBFF1B8A8CDC891C6EB184 /* ContentView.swift in Sources */ = {isa = PBXBuildFile; fileRef = 0F79761384820168C37EC1EF /* ContentView.swift */; };
		CAA4E83E06695405298A1678 /* ProjectNewShoeApp.swift in Sources */ = {isa = PBXBuildFile; fileRef = 05275155BAF7F0214624AEE3 /* ProjectNewShoeApp.swift */; };
		E4CD5FD4A101AFA4A101BEB2 /* WorkoutView.swift in Sources */ = {isa = PBXBuildFile; fileRef = E8D60BDF78645A9E3236C0D9 /* WorkoutView.swift */; };
		E9023FC3B49CA44636E5CD55 /* XCTest.framework in Frameworks */ = {isa = PBXBuildFile; fileRef = 22D134DBF6ACF811AC9FE54C /* XCTest.framework */; };
		F64B5736161FF5C2CA000BED /* Assets+ProjectNewShoe.swift in Sources */ = {isa = PBXBuildFile; fileRef = 1A6BD53DC9CDFDB82F41ECCA /* Assets+ProjectNewShoe.swift */; };
/* End PBXBuildFile section */

/* Begin PBXContainerItemProxy section */
		D337808AA17C842BD6F1ED6F /* PBXContainerItemProxy */ = {
			isa = PBXContainerItemProxy;
			containerPortal = 17927993CA2EC00D057EC6DA /* Project object */;
			proxyType = 1;
			remoteGlobalIDString = 171D8713F8D3CBDAA4F50377;
			remoteInfo = ProjectNewShoe;
		};
/* End PBXContainerItemProxy section */

/* Begin PBXCopyFilesBuildPhase section */
		041E04F3FC69A73C2E1A1EDF /* Embed Frameworks */ = {
			isa = PBXCopyFilesBuildPhase;
			buildActionMask = 2147483647;
			dstPath = "";
			dstSubfolderSpec = 10;
			files = (
			);
			name = "Embed Frameworks";
			runOnlyForDeploymentPostprocessing = 0;
		};
		30FF8B1D390D8496247FBCE3 /* Embed Frameworks */ = {
			isa = PBXCopyFilesBuildPhase;
			buildActionMask = 2147483647;
			dstPath = "";
			dstSubfolderSpec = 10;
			files = (
			);
			name = "Embed Frameworks";
			runOnlyForDeploymentPostprocessing = 0;
		};
/* End PBXCopyFilesBuildPhase section */

/* Begin PBXFileReference section */
		05275155BAF7F0214624AEE3 /* ProjectNewShoeApp.swift */ = {isa = PBXFileReference; lastKnownFileType = sourcecode.swift; path = ProjectNewShoeApp.swift; sourceTree = "<group>"; };
		0F79761384820168C37EC1EF /* ContentView.swift */ = {isa = PBXFileReference; lastKnownFileType = sourcecode.swift; path = ContentView.swift; sourceTree = "<group>"; };
		1276BB3DD79FCFA2D25A6A80 /* WorkoutViewModel.swift */ = {isa = PBXFileReference; lastKnownFileType = sourcecode.swift; path = WorkoutViewModel.swift; sourceTree = "<group>"; };
		1A6BD53DC9CDFDB82F41ECCA /* Assets+ProjectNewShoe.swift */ = {isa = PBXFileReference; lastKnownFileType = sourcecode.swift; path = "Assets+ProjectNewShoe.swift"; sourceTree = "<group>"; };
		22D134DBF6ACF811AC9FE54C /* XCTest.framework */ = {isa = PBXFileReference; lastKnownFileType = wrapper.framework; name = XCTest.framework; path = Platforms/iPhoneOS.platform/Developer/Library/Frameworks/XCTest.framework; sourceTree = DEVELOPER_DIR; };
		3527EE36C513416A7F87298A /* Info.plist */ = {isa = PBXFileReference; lastKnownFileType = text.plist; path = Info.plist; sourceTree = "<group>"; };
		3780181043485B1980835DB2 /* HealthKit.framework */ = {isa = PBXFileReference; lastKnownFileType = wrapper.framework; name = HealthKit.framework; path = Platforms/iPhoneOS.platform/Developer/SDKs/iPhoneOS.sdk/System/Library/Frameworks/HealthKit.framework; sourceTree = DEVELOPER_DIR; };
		47D7CE20B9EB153E6EF7468C /* Persistence.swift */ = {isa = PBXFileReference; lastKnownFileType = sourcecode.swift; path = Persistence.swift; sourceTree = "<group>"; };
		56C9E28166018601E49AB111 /* ProjectNewShoe.app */ = {isa = PBXFileReference; explicitFileType = wrapper.application; includeInIndex = 0; path = ProjectNewShoe.app; sourceTree = BUILT_PRODUCTS_DIR; };
		7C73C003B3F72855A08F6C81 /* ProjectNewShoe_UnitTests.xctest */ = {isa = PBXFileReference; explicitFileType = wrapper.cfbundle; includeInIndex = 0; path = ProjectNewShoe_UnitTests.xctest; sourceTree = BUILT_PRODUCTS_DIR; };
		7CDD2F969183EFE1399068AE /* Preview Assets.xcassets */ = {isa = PBXFileReference; lastKnownFileType = folder.assetcatalog; path = "Preview Assets.xcassets"; sourceTree = "<group>"; };
		9252072CB8794985BABF5649 /* Formatters.swift */ = {isa = PBXFileReference; lastKnownFileType = sourcecode.swift; path = Formatters.swift; sourceTree = "<group>"; };
		9DD13AF18DAF7064C57CFE40 /* Workout.swift */ = {isa = PBXFileReference; lastKnownFileType = sourcecode.swift; path = Workout.swift; sourceTree = "<group>"; };
		A610C80AC11107D96EE9A34B /* WorkoutLoader.swift */ = {isa = PBXFileReference; lastKnownFileType = sourcecode.swift; path = WorkoutLoader.swift; sourceTree = "<group>"; };
		A7021266CDCF239AD28C31BF /* ProjectNewShoeTests.swift */ = {isa = PBXFileReference; lastKnownFileType = sourcecode.swift; path = ProjectNewShoeTests.swift; sourceTree = "<group>"; };
		AD181DEE36BC79AFF1A820B3 /* ProjectNewShoe.plist */ = {isa = PBXFileReference; lastKnownFileType = text.plist; path = ProjectNewShoe.plist; sourceTree = "<group>"; };
		C1DDE0436CAC2CE1D551B154 /* WorkoutListView.swift */ = {isa = PBXFileReference; lastKnownFileType = sourcecode.swift; path = WorkoutListView.swift; sourceTree = "<group>"; };
		E8D60BDF78645A9E3236C0D9 /* WorkoutView.swift */ = {isa = PBXFileReference; lastKnownFileType = sourcecode.swift; path = WorkoutView.swift; sourceTree = "<group>"; };
		E936D6417A86022A3A242BD6 /* WorkoutListViewModel.swift */ = {isa = PBXFileReference; lastKnownFileType = sourcecode.swift; path = WorkoutListViewModel.swift; sourceTree = "<group>"; };
		F50BFD9463083529BDA65836 /* Bundle+ProjectNewShoe.swift */ = {isa = PBXFileReference; lastKnownFileType = sourcecode.swift; path = "Bundle+ProjectNewShoe.swift"; sourceTree = "<group>"; };
		F8784CAA40267357361512F7 /* Assets.xcassets */ = {isa = PBXFileReference; lastKnownFileType = folder.assetcatalog; path = Assets.xcassets; sourceTree = "<group>"; };
/* End PBXFileReference section */

/* Begin PBXFrameworksBuildPhase section */
		72E971A037D8824498187C19 /* Frameworks */ = {
			isa = PBXFrameworksBuildPhase;
			buildActionMask = 2147483647;
			files = (
				E9023FC3B49CA44636E5CD55 /* XCTest.framework in Frameworks */,
			);
			runOnlyForDeploymentPostprocessing = 0;
		};
		7C59A34BB6E5A9831F55DBF2 /* Frameworks */ = {
			isa = PBXFrameworksBuildPhase;
			buildActionMask = 2147483647;
			files = (
				7DA49A933C3E8EF96CDFE7B5 /* HealthKit.framework in Frameworks */,
			);
			runOnlyForDeploymentPostprocessing = 0;
		};
/* End PBXFrameworksBuildPhase section */

/* Begin PBXGroup section */
		163EEAE0CD43AFC045DBE81A /* Sources */ = {
			isa = PBXGroup;
			children = (
				1A6BD53DC9CDFDB82F41ECCA /* Assets+ProjectNewShoe.swift */,
				F50BFD9463083529BDA65836 /* Bundle+ProjectNewShoe.swift */,
			);
			path = Sources;
			sourceTree = "<group>";
		};
		2010F47BDA1DAA2595B97A9C /* Resources */ = {
			isa = PBXGroup;
			children = (
				9A0ADAB3B53201960FF4E3F8 /* Preview Content */,
				F8784CAA40267357361512F7 /* Assets.xcassets */,
			);
			path = Resources;
			sourceTree = "<group>";
		};
		31EBA7525D646C460BE56DA9 /* Sources */ = {
			isa = PBXGroup;
			children = (
				F2A969111D2D890E8203EE4D /* Workout List */,
				0F79761384820168C37EC1EF /* ContentView.swift */,
				9252072CB8794985BABF5649 /* Formatters.swift */,
				47D7CE20B9EB153E6EF7468C /* Persistence.swift */,
				05275155BAF7F0214624AEE3 /* ProjectNewShoeApp.swift */,
				9DD13AF18DAF7064C57CFE40 /* Workout.swift */,
				A610C80AC11107D96EE9A34B /* WorkoutLoader.swift */,
			);
			path = Sources;
			sourceTree = "<group>";
		};
		4E3E789E170B366B70DFA030 /* Sources */ = {
			isa = PBXGroup;
			children = (
				A7021266CDCF239AD28C31BF /* ProjectNewShoeTests.swift */,
			);
			path = Sources;
			sourceTree = "<group>";
		};
		6E66EDDE3ECFF5778CAEDD97 /* UnitTests */ = {
			isa = PBXGroup;
			children = (
				4E3E789E170B366B70DFA030 /* Sources */,
				3527EE36C513416A7F87298A /* Info.plist */,
			);
			path = UnitTests;
			sourceTree = "<group>";
		};
		9A0ADAB3B53201960FF4E3F8 /* Preview Content */ = {
			isa = PBXGroup;
			children = (
				7CDD2F969183EFE1399068AE /* Preview Assets.xcassets */,
			);
			path = "Preview Content";
			sourceTree = "<group>";
		};
		A0CA9E880BFBCCCC31D4AF63 = {
			isa = PBXGroup;
			children = (
				BB6EEDC46F9781BAB61B8823 /* Project */,
				C2BA7FAC2BA0368C5046B559 /* Frameworks */,
				F55641C22A430DD3DBD587F3 /* Products */,
			);
			sourceTree = "<group>";
		};
		BB6EEDC46F9781BAB61B8823 /* Project */ = {
			isa = PBXGroup;
			children = (
				D41814FC05FE98867820CF46 /* Config */,
				F3467C5E988871E792B9A6F7 /* Derived */,
				2010F47BDA1DAA2595B97A9C /* Resources */,
				31EBA7525D646C460BE56DA9 /* Sources */,
				6E66EDDE3ECFF5778CAEDD97 /* UnitTests */,
			);
			name = Project;
			sourceTree = "<group>";
		};
		BC05416DC1BFECBC4B77443A /* Workout View */ = {
			isa = PBXGroup;
			children = (
				E8D60BDF78645A9E3236C0D9 /* WorkoutView.swift */,
				1276BB3DD79FCFA2D25A6A80 /* WorkoutViewModel.swift */,
			);
			path = "Workout View";
			sourceTree = "<group>";
		};
		C2BA7FAC2BA0368C5046B559 /* Frameworks */ = {
			isa = PBXGroup;
			children = (
				3780181043485B1980835DB2 /* HealthKit.framework */,
				22D134DBF6ACF811AC9FE54C /* XCTest.framework */,
			);
			name = Frameworks;
			sourceTree = "<group>";
		};
		D41814FC05FE98867820CF46 /* Config */ = {
			isa = PBXGroup;
			children = (
				AD181DEE36BC79AFF1A820B3 /* ProjectNewShoe.plist */,
			);
			path = Config;
			sourceTree = "<group>";
		};
		F2A969111D2D890E8203EE4D /* Workout List */ = {
			isa = PBXGroup;
			children = (
				BC05416DC1BFECBC4B77443A /* Workout View */,
				C1DDE0436CAC2CE1D551B154 /* WorkoutListView.swift */,
				E936D6417A86022A3A242BD6 /* WorkoutListViewModel.swift */,
			);
			path = "Workout List";
			sourceTree = "<group>";
		};
		F3467C5E988871E792B9A6F7 /* Derived */ = {
			isa = PBXGroup;
			children = (
				163EEAE0CD43AFC045DBE81A /* Sources */,
			);
			path = Derived;
			sourceTree = "<group>";
		};
		F55641C22A430DD3DBD587F3 /* Products */ = {
			isa = PBXGroup;
			children = (
				7C73C003B3F72855A08F6C81 /* ProjectNewShoe_UnitTests.xctest */,
				56C9E28166018601E49AB111 /* ProjectNewShoe.app */,
			);
			name = Products;
			sourceTree = "<group>";
		};
/* End PBXGroup section */

/* Begin PBXNativeTarget section */
		171D8713F8D3CBDAA4F50377 /* ProjectNewShoe */ = {
			isa = PBXNativeTarget;
			buildConfigurationList = 9BF4E95F022F9CED72E7CE04 /* Build configuration list for PBXNativeTarget "ProjectNewShoe" */;
			buildPhases = (
				DEEBEAC2EE8814EDF5D919E4 /* Sources */,
				8E15F2B592F5C9DD078FA94C /* Resources */,
				3ADF3602E1F88D68229FD727 /* Embed Precompiled Frameworks */,
				30FF8B1D390D8496247FBCE3 /* Embed Frameworks */,
				7C59A34BB6E5A9831F55DBF2 /* Frameworks */,
			);
			buildRules = (
			);
			dependencies = (
			);
			name = ProjectNewShoe;
			productName = ProjectNewShoe;
			productReference = 56C9E28166018601E49AB111 /* ProjectNewShoe.app */;
			productType = "com.apple.product-type.application";
		};
		D28E749C084C5FC9ACCEF06F /* ProjectNewShoe_UnitTests */ = {
			isa = PBXNativeTarget;
			buildConfigurationList = 512830A426E3E3A8A463D910 /* Build configuration list for PBXNativeTarget "ProjectNewShoe_UnitTests" */;
			buildPhases = (
				B177C834301E0C99B8DC7C79 /* Sources */,
				84D2782981A366C2EB1C1136 /* Resources */,
				70D5E802E2118BF880DE1637 /* Embed Precompiled Frameworks */,
				041E04F3FC69A73C2E1A1EDF /* Embed Frameworks */,
				72E971A037D8824498187C19 /* Frameworks */,
			);
			buildRules = (
			);
			dependencies = (
				49AD15E65B86C7313EFE5DE6 /* PBXTargetDependency */,
			);
			name = ProjectNewShoe_UnitTests;
			productName = ProjectNewShoe_UnitTests;
			productReference = 7C73C003B3F72855A08F6C81 /* ProjectNewShoe_UnitTests.xctest */;
			productType = "com.apple.product-type.bundle.unit-test";
		};
/* End PBXNativeTarget section */

/* Begin PBXProject section */
		17927993CA2EC00D057EC6DA /* Project object */ = {
			isa = PBXProject;
			attributes = {
				TargetAttributes = {
					D28E749C084C5FC9ACCEF06F = {
						TestTargetID = 171D8713F8D3CBDAA4F50377;
					};
				};
			};
			buildConfigurationList = EC43F3C8DCE68A264B15B4E3 /* Build configuration list for PBXProject "ProjectNewShoe" */;
			compatibilityVersion = "Xcode 9.3";
			developmentRegion = en;
			hasScannedForEncodings = 0;
			knownRegions = (
				Base,
				en,
			);
			mainGroup = A0CA9E880BFBCCCC31D4AF63;
			packageReferences = (
				FB9B3F47030FD870A12EDDE6 /* XCRemoteSwiftPackageReference "swift-composable-architecture" */,
			);
			productRefGroup = F55641C22A430DD3DBD587F3 /* Products */;
			projectDirPath = "";
			projectRoot = "";
			targets = (
				171D8713F8D3CBDAA4F50377 /* ProjectNewShoe */,
				D28E749C084C5FC9ACCEF06F /* ProjectNewShoe_UnitTests */,
			);
		};
/* End PBXProject section */

/* Begin PBXResourcesBuildPhase section */
		84D2782981A366C2EB1C1136 /* Resources */ = {
			isa = PBXResourcesBuildPhase;
			buildActionMask = 2147483647;
			files = (
			);
			runOnlyForDeploymentPostprocessing = 0;
		};
		8E15F2B592F5C9DD078FA94C /* Resources */ = {
			isa = PBXResourcesBuildPhase;
			buildActionMask = 2147483647;
			files = (
				28983646A6E6FCCA28C3BF6F /* Assets.xcassets in Resources */,
				9AF5C7717D5648629789CCF3 /* Preview Assets.xcassets in Resources */,
			);
			runOnlyForDeploymentPostprocessing = 0;
		};
/* End PBXResourcesBuildPhase section */

/* Begin PBXShellScriptBuildPhase section */
		3ADF3602E1F88D68229FD727 /* Embed Precompiled Frameworks */ = {
			isa = PBXShellScriptBuildPhase;
			buildActionMask = 2147483647;
			files = (
			);
			inputPaths = (
			);
			name = "Embed Precompiled Frameworks";
			outputPaths = (
			);
			runOnlyForDeploymentPostprocessing = 0;
			shellPath = /bin/sh;
			shellScript = "echo \"Skipping, nothing to be embedded.\"";
		};
		70D5E802E2118BF880DE1637 /* Embed Precompiled Frameworks */ = {
			isa = PBXShellScriptBuildPhase;
			buildActionMask = 2147483647;
			files = (
			);
			inputPaths = (
			);
			name = "Embed Precompiled Frameworks";
			outputPaths = (
			);
			runOnlyForDeploymentPostprocessing = 0;
			shellPath = /bin/sh;
			shellScript = "echo \"Skipping, nothing to be embedded.\"";
		};
/* End PBXShellScriptBuildPhase section */

/* Begin PBXSourcesBuildPhase section */
		B177C834301E0C99B8DC7C79 /* Sources */ = {
			isa = PBXSourcesBuildPhase;
			buildActionMask = 2147483647;
			files = (
				A3B0310C67B395CC7AE5AB52 /* ProjectNewShoeTests.swift in Sources */,
			);
			runOnlyForDeploymentPostprocessing = 0;
		};
		DEEBEAC2EE8814EDF5D919E4 /* Sources */ = {
			isa = PBXSourcesBuildPhase;
			buildActionMask = 2147483647;
			files = (
				F64B5736161FF5C2CA000BED /* Assets+ProjectNewShoe.swift in Sources */,
				5221A67526ABE0243D891A52 /* Bundle+ProjectNewShoe.swift in Sources */,
				BCFBFF1B8A8CDC891C6EB184 /* ContentView.swift in Sources */,
				4BCC86D8833FA330A71ABD36 /* Formatters.swift in Sources */,
				540AB4C4FFA464174F6FE980 /* Persistence.swift in Sources */,
				CAA4E83E06695405298A1678 /* ProjectNewShoeApp.swift in Sources */,
				E4CD5FD4A101AFA4A101BEB2 /* WorkoutView.swift in Sources */,
				497D8887C2E6E43603BC7C3F /* WorkoutViewModel.swift in Sources */,
				2A91FA8D2554A59C22869781 /* WorkoutListView.swift in Sources */,
				19CD8D42A7BBB8C03C6CF779 /* WorkoutListViewModel.swift in Sources */,
				B27123172B9399F4B60957CE /* Workout.swift in Sources */,
				3DF0574226A63D51A58367DD /* WorkoutLoader.swift in Sources */,
			);
			runOnlyForDeploymentPostprocessing = 0;
		};
/* End PBXSourcesBuildPhase section */

/* Begin PBXTargetDependency section */
		49AD15E65B86C7313EFE5DE6 /* PBXTargetDependency */ = {
			isa = PBXTargetDependency;
			name = ProjectNewShoe;
			target = 171D8713F8D3CBDAA4F50377 /* ProjectNewShoe */;
			targetProxy = D337808AA17C842BD6F1ED6F /* PBXContainerItemProxy */;
		};
/* End PBXTargetDependency section */

/* Begin XCBuildConfiguration section */
		50F898A6CD05C7807B1466F9 /* Debug */ = {
			isa = XCBuildConfiguration;
			buildSettings = {
				ASSETCATALOG_COMPILER_APPICON_NAME = AppIcon;
				CODE_SIGN_ENTITLEMENTS = "$(SRCROOT)/Config/ProjectNewShoe.plist";
				CODE_SIGN_IDENTITY = "iPhone Developer";
				ENABLE_PREVIEWS = YES;
				INFOPLIST_FILE = Config/ProjectNewShoe.plist;
				LD_RUNPATH_SEARCH_PATHS = (
					"$(inherited)",
					"@executable_path/Frameworks",
				);
				PRODUCT_BUNDLE_IDENTIFIER = com.unieklee.ProjectNewShoe;
				PRODUCT_NAME = ProjectNewShoe;
				SDKROOT = iphoneos;
				SUPPORTED_PLATFORMS = "iphonesimulator iphoneos";
				SWIFT_ACTIVE_COMPILATION_CONDITIONS = DEBUG;
				SWIFT_COMPILATION_MODE = singlefile;
				SWIFT_OPTIMIZATION_LEVEL = "-Onone";
				SWIFT_VERSION = 5.3.2;
				TARGETED_DEVICE_FAMILY = "1,2";
			};
			name = Debug;
		};
		73A20A894F1FF9C4EF8EDEE1 /* Release */ = {
			isa = XCBuildConfiguration;
			buildSettings = {
				ALWAYS_SEARCH_USER_PATHS = NO;
				CLANG_ANALYZER_NONNULL = YES;
				CLANG_ANALYZER_NUMBER_OBJECT_CONVERSION = YES_AGGRESSIVE;
				CLANG_CXX_LANGUAGE_STANDARD = "gnu++14";
				CLANG_CXX_LIBRARY = "libc++";
				CLANG_ENABLE_MODULES = YES;
				CLANG_ENABLE_OBJC_ARC = YES;
				CLANG_ENABLE_OBJC_WEAK = YES;
				CLANG_WARN_BLOCK_CAPTURE_AUTORELEASING = YES;
				CLANG_WARN_BOOL_CONVERSION = YES;
				CLANG_WARN_COMMA = YES;
				CLANG_WARN_CONSTANT_CONVERSION = YES;
				CLANG_WARN_DEPRECATED_OBJC_IMPLEMENTATIONS = YES;
				CLANG_WARN_DIRECT_OBJC_ISA_USAGE = YES_ERROR;
				CLANG_WARN_DOCUMENTATION_COMMENTS = YES;
				CLANG_WARN_EMPTY_BODY = YES;
				CLANG_WARN_ENUM_CONVERSION = YES;
				CLANG_WARN_INFINITE_RECURSION = YES;
				CLANG_WARN_INT_CONVERSION = YES;
				CLANG_WARN_NON_LITERAL_NULL_CONVERSION = YES;
				CLANG_WARN_OBJC_IMPLICIT_RETAIN_SELF = YES;
				CLANG_WARN_OBJC_LITERAL_CONVERSION = YES;
				CLANG_WARN_OBJC_ROOT_CLASS = YES_ERROR;
				CLANG_WARN_QUOTED_INCLUDE_IN_FRAMEWORK_HEADER = YES;
				CLANG_WARN_RANGE_LOOP_ANALYSIS = YES;
				CLANG_WARN_STRICT_PROTOTYPES = YES;
				CLANG_WARN_SUSPICIOUS_MOVE = YES;
				CLANG_WARN_UNGUARDED_AVAILABILITY = YES_AGGRESSIVE;
				CLANG_WARN_UNREACHABLE_CODE = YES;
				CLANG_WARN__DUPLICATE_METHOD_MATCH = YES;
				COPY_PHASE_STRIP = NO;
				DEBUG_INFORMATION_FORMAT = "dwarf-with-dsym";
				ENABLE_NS_ASSERTIONS = NO;
				ENABLE_STRICT_OBJC_MSGSEND = YES;
				GCC_C_LANGUAGE_STANDARD = gnu11;
				GCC_NO_COMMON_BLOCKS = YES;
				GCC_WARN_64_TO_32_BIT_CONVERSION = YES;
				GCC_WARN_ABOUT_RETURN_TYPE = YES_ERROR;
				GCC_WARN_UNDECLARED_SELECTOR = YES;
				GCC_WARN_UNINITIALIZED_AUTOS = YES_AGGRESSIVE;
				GCC_WARN_UNUSED_FUNCTION = YES;
				GCC_WARN_UNUSED_VARIABLE = YES;
				MTL_ENABLE_DEBUG_INFO = NO;
				PRODUCT_NAME = "$(TARGET_NAME)";
				VALIDATE_PRODUCT = YES;
			};
			name = Release;
		};
		7F1496B2429F6C3B67B030A3 /* Debug */ = {
			isa = XCBuildConfiguration;
			buildSettings = {
				ALWAYS_SEARCH_USER_PATHS = NO;
				CLANG_ANALYZER_NONNULL = YES;
				CLANG_ANALYZER_NUMBER_OBJECT_CONVERSION = YES_AGGRESSIVE;
				CLANG_CXX_LANGUAGE_STANDARD = "gnu++14";
				CLANG_CXX_LIBRARY = "libc++";
				CLANG_ENABLE_MODULES = YES;
				CLANG_ENABLE_OBJC_ARC = YES;
				CLANG_ENABLE_OBJC_WEAK = YES;
				CLANG_WARN_BLOCK_CAPTURE_AUTORELEASING = YES;
				CLANG_WARN_BOOL_CONVERSION = YES;
				CLANG_WARN_COMMA = YES;
				CLANG_WARN_CONSTANT_CONVERSION = YES;
				CLANG_WARN_DEPRECATED_OBJC_IMPLEMENTATIONS = YES;
				CLANG_WARN_DIRECT_OBJC_ISA_USAGE = YES_ERROR;
				CLANG_WARN_DOCUMENTATION_COMMENTS = YES;
				CLANG_WARN_EMPTY_BODY = YES;
				CLANG_WARN_ENUM_CONVERSION = YES;
				CLANG_WARN_INFINITE_RECURSION = YES;
				CLANG_WARN_INT_CONVERSION = YES;
				CLANG_WARN_NON_LITERAL_NULL_CONVERSION = YES;
				CLANG_WARN_OBJC_IMPLICIT_RETAIN_SELF = YES;
				CLANG_WARN_OBJC_LITERAL_CONVERSION = YES;
				CLANG_WARN_OBJC_ROOT_CLASS = YES_ERROR;
				CLANG_WARN_QUOTED_INCLUDE_IN_FRAMEWORK_HEADER = YES;
				CLANG_WARN_RANGE_LOOP_ANALYSIS = YES;
				CLANG_WARN_STRICT_PROTOTYPES = YES;
				CLANG_WARN_SUSPICIOUS_MOVE = YES;
				CLANG_WARN_UNGUARDED_AVAILABILITY = YES_AGGRESSIVE;
				CLANG_WARN_UNREACHABLE_CODE = YES;
				CLANG_WARN__DUPLICATE_METHOD_MATCH = YES;
				COPY_PHASE_STRIP = NO;
				DEBUG_INFORMATION_FORMAT = dwarf;
				ENABLE_STRICT_OBJC_MSGSEND = YES;
				ENABLE_TESTABILITY = YES;
				GCC_C_LANGUAGE_STANDARD = gnu11;
				GCC_DYNAMIC_NO_PIC = NO;
				GCC_NO_COMMON_BLOCKS = YES;
				GCC_OPTIMIZATION_LEVEL = 0;
				GCC_PREPROCESSOR_DEFINITIONS = (
					"DEBUG=1",
					"$(inherited)",
				);
				GCC_WARN_64_TO_32_BIT_CONVERSION = YES;
				GCC_WARN_ABOUT_RETURN_TYPE = YES_ERROR;
				GCC_WARN_UNDECLARED_SELECTOR = YES;
				GCC_WARN_UNINITIALIZED_AUTOS = YES_AGGRESSIVE;
				GCC_WARN_UNUSED_FUNCTION = YES;
				GCC_WARN_UNUSED_VARIABLE = YES;
				MTL_ENABLE_DEBUG_INFO = YES;
				ONLY_ACTIVE_ARCH = YES;
				PRODUCT_NAME = "$(TARGET_NAME)";
			};
			name = Debug;
		};
		A5910A156F148AEFA66B7E18 /* Release */ = {
			isa = XCBuildConfiguration;
			buildSettings = {
				BUNDLE_LOADER = "$(TEST_HOST)";
				CODE_SIGN_IDENTITY = "iPhone Developer";
				FRAMEWORK_SEARCH_PATHS = (
					"$(inherited)",
					"$(PLATFORM_DIR)/Developer/Library/Frameworks",
				);
				INFOPLIST_FILE = UnitTests/Info.plist;
				LD_RUNPATH_SEARCH_PATHS = (
					"$(inherited)",
					"@executable_path/Frameworks",
					"@loader_path/Frameworks",
				);
				PRODUCT_BUNDLE_IDENTIFIER = com.unieklee.PNSUnitTests;
				PRODUCT_NAME = ProjectNewShoe_UnitTests;
				SDKROOT = iphoneos;
				SUPPORTED_PLATFORMS = "iphonesimulator iphoneos";
				SWIFT_COMPILATION_MODE = wholemodule;
				SWIFT_OPTIMIZATION_LEVEL = "-Owholemodule";
				SWIFT_VERSION = 5.3.2;
				TARGETED_DEVICE_FAMILY = "1,2";
				TEST_HOST = "$(BUILT_PRODUCTS_DIR)/ProjectNewShoe.app/ProjectNewShoe";
				TEST_TARGET_NAME = ProjectNewShoe;
			};
			name = Release;
		};
		D8E0B868E02B3ED8C7825224 /* Release */ = {
			isa = XCBuildConfiguration;
			buildSettings = {
				ASSETCATALOG_COMPILER_APPICON_NAME = AppIcon;
				CODE_SIGN_ENTITLEMENTS = "$(SRCROOT)/Config/ProjectNewShoe.plist";
				CODE_SIGN_IDENTITY = "iPhone Developer";
				ENABLE_PREVIEWS = YES;
				INFOPLIST_FILE = Config/ProjectNewShoe.plist;
				LD_RUNPATH_SEARCH_PATHS = (
					"$(inherited)",
					"@executable_path/Frameworks",
				);
				PRODUCT_BUNDLE_IDENTIFIER = com.unieklee.ProjectNewShoe;
				PRODUCT_NAME = ProjectNewShoe;
				SDKROOT = iphoneos;
				SUPPORTED_PLATFORMS = "iphonesimulator iphoneos";
				SWIFT_COMPILATION_MODE = wholemodule;
				SWIFT_OPTIMIZATION_LEVEL = "-Owholemodule";
				SWIFT_VERSION = 5.3.2;
				TARGETED_DEVICE_FAMILY = "1,2";
			};
			name = Release;
		};
		F808A5F3F11A1D4C6C3B62D2 /* Debug */ = {
			isa = XCBuildConfiguration;
			buildSettings = {
				BUNDLE_LOADER = "$(TEST_HOST)";
				CODE_SIGN_IDENTITY = "iPhone Developer";
				FRAMEWORK_SEARCH_PATHS = (
					"$(inherited)",
					"$(PLATFORM_DIR)/Developer/Library/Frameworks",
				);
				INFOPLIST_FILE = UnitTests/Info.plist;
				LD_RUNPATH_SEARCH_PATHS = (
					"$(inherited)",
					"@executable_path/Frameworks",
					"@loader_path/Frameworks",
				);
				PRODUCT_BUNDLE_IDENTIFIER = com.unieklee.PNSUnitTests;
				PRODUCT_NAME = ProjectNewShoe_UnitTests;
				SDKROOT = iphoneos;
				SUPPORTED_PLATFORMS = "iphonesimulator iphoneos";
				SWIFT_ACTIVE_COMPILATION_CONDITIONS = DEBUG;
				SWIFT_COMPILATION_MODE = singlefile;
				SWIFT_OPTIMIZATION_LEVEL = "-Onone";
				SWIFT_VERSION = 5.3.2;
				TARGETED_DEVICE_FAMILY = "1,2";
				TEST_HOST = "$(BUILT_PRODUCTS_DIR)/ProjectNewShoe.app/ProjectNewShoe";
				TEST_TARGET_NAME = ProjectNewShoe;
			};
			name = Debug;
		};
/* End XCBuildConfiguration section */

/* Begin XCConfigurationList section */
		512830A426E3E3A8A463D910 /* Build configuration list for PBXNativeTarget "ProjectNewShoe_UnitTests" */ = {
			isa = XCConfigurationList;
			buildConfigurations = (
				F808A5F3F11A1D4C6C3B62D2 /* Debug */,
				A5910A156F148AEFA66B7E18 /* Release */,
			);
			defaultConfigurationIsVisible = 0;
			defaultConfigurationName = Release;
		};
		9BF4E95F022F9CED72E7CE04 /* Build configuration list for PBXNativeTarget "ProjectNewShoe" */ = {
			isa = XCConfigurationList;
			buildConfigurations = (
				50F898A6CD05C7807B1466F9 /* Debug */,
				D8E0B868E02B3ED8C7825224 /* Release */,
			);
			defaultConfigurationIsVisible = 0;
			defaultConfigurationName = Release;
		};
		EC43F3C8DCE68A264B15B4E3 /* Build configuration list for PBXProject "ProjectNewShoe" */ = {
			isa = XCConfigurationList;
			buildConfigurations = (
				7F1496B2429F6C3B67B030A3 /* Debug */,
				73A20A894F1FF9C4EF8EDEE1 /* Release */,
			);
			defaultConfigurationIsVisible = 0;
			defaultConfigurationName = Release;
		};
/* End XCConfigurationList section */

/* Begin XCRemoteSwiftPackageReference section */
		FB9B3F47030FD870A12EDDE6 /* XCRemoteSwiftPackageReference "swift-composable-architecture" */ = {
			isa = XCRemoteSwiftPackageReference;
			repositoryURL = "https://github.com/pointfreeco/swift-composable-architecture";
			requirement = {
				kind = upToNextMajorVersion;
				minimumVersion = 0.20.0;
			};
		};
/* End XCRemoteSwiftPackageReference section */
	};
	rootObject = 17927993CA2EC00D057EC6DA /* Project object */;
}
